
Microsoft Visual Studio Solution File, Format Version 12.00
# Visual Studio Version 17
VisualStudioVersion = 17.0.32014.148
MinimumVisualStudioVersion = 10.0.40219.1
Project("{9A19103F-16F7-4668-BE54-9A1E7A4F7556}") = "asciiTable", "asciiTable.csproj", "{B0C447CA-CEDF-413D-AAD6-9AF280C99A66}"
EndProject
Project("{9A19103F-16F7-4668-BE54-9A1E7A4F7556}") = "MultipliesThreeOrFIve", "..\MultipliesThreeOrFIve\MultipliesThreeOrFIve.csproj", "{CDD7DA4E-95C7-43F6-B978-1763938314D4}"
EndProject
Project("{9A19103F-16F7-4668-BE54-9A1E7A4F7556}") = "Fibonacci", "..\Fibonacci\Fibonacci.csproj", "{EBDFCF9C-09EC-4AA7-B51C-F499B02FD28D}"
EndProject
Project("{FAE04EC0-301F-11D3-BF4B-00C04F79EFBC}") = "PrimeFactor", "..\PrimeFactor\PrimeFactor.csproj", "{F157E3A1-6BCA-4D6A-9D54-79C5F2937063}"
EndProject
Project("{FAE04EC0-301F-11D3-BF4B-00C04F79EFBC}") = "BiggestPalindromeFromThreeDigits", "..\BiggestPalindromeFromThreeDigits\BiggestPalindromeFromThreeDigits.csproj", "{C4958A23-C65B-4B30-ACD5-B5B04FD4E590}"
EndProject
Global
	GlobalSection(SolutionConfigurationPlatforms) = preSolution
		Debug|Any CPU = Debug|Any CPU
		Release|Any CPU = Release|Any CPU
	EndGlobalSection
	GlobalSection(ProjectConfigurationPlatforms) = postSolution
		{B0C447CA-CEDF-413D-AAD6-9AF280C99A66}.Debug|Any CPU.ActiveCfg = Debug|Any CPU
		{B0C447CA-CEDF-413D-AAD6-9AF280C99A66}.Debug|Any CPU.Build.0 = Debug|Any CPU
		{B0C447CA-CEDF-413D-AAD6-9AF280C99A66}.Release|Any CPU.ActiveCfg = Release|Any CPU
		{B0C447CA-CEDF-413D-AAD6-9AF280C99A66}.Release|Any CPU.Build.0 = Release|Any CPU
		{CDD7DA4E-95C7-43F6-B978-1763938314D4}.Debug|Any CPU.ActiveCfg = Debug|Any CPU
		{CDD7DA4E-95C7-43F6-B978-1763938314D4}.Debug|Any CPU.Build.0 = Debug|Any CPU
		{CDD7DA4E-95C7-43F6-B978-1763938314D4}.Release|Any CPU.ActiveCfg = Release|Any CPU
		{CDD7DA4E-95C7-43F6-B978-1763938314D4}.Release|Any CPU.Build.0 = Release|Any CPU
		{EBDFCF9C-09EC-4AA7-B51C-F499B02FD28D}.Debug|Any CPU.ActiveCfg = Debug|Any CPU
		{EBDFCF9C-09EC-4AA7-B51C-F499B02FD28D}.Debug|Any CPU.Build.0 = Debug|Any CPU
		{EBDFCF9C-09EC-4AA7-B51C-F499B02FD28D}.Release|Any CPU.ActiveCfg = Release|Any CPU
		{EBDFCF9C-09EC-4AA7-B51C-F499B02FD28D}.Release|Any CPU.Build.0 = Release|Any CPU
		{F157E3A1-6BCA-4D6A-9D54-79C5F2937063}.Debug|Any CPU.ActiveCfg = Debug|Any CPU
		{F157E3A1-6BCA-4D6A-9D54-79C5F2937063}.Debug|Any CPU.Build.0 = Debug|Any CPU
		{F157E3A1-6BCA-4D6A-9D54-79C5F2937063}.Release|Any CPU.ActiveCfg = Release|Any CPU
		{F157E3A1-6BCA-4D6A-9D54-79C5F2937063}.Release|Any CPU.Build.0 = Release|Any CPU
		{C4958A23-C65B-4B30-ACD5-B5B04FD4E590}.Debug|Any CPU.ActiveCfg = Debug|Any CPU
		{C4958A23-C65B-4B30-ACD5-B5B04FD4E590}.Debug|Any CPU.Build.0 = Debug|Any CPU
		{C4958A23-C65B-4B30-ACD5-B5B04FD4E590}.Release|Any CPU.ActiveCfg = Release|Any CPU
		{C4958A23-C65B-4B30-ACD5-B5B04FD4E590}.Release|Any CPU.Build.0 = Release|Any CPU
	EndGlobalSection
	GlobalSection(SolutionProperties) = preSolution
		HideSolutionNode = FALSE
	EndGlobalSection
	GlobalSection(ExtensibilityGlobals) = postSolution
		SolutionGuid = {7243DBFA-C3D6-409D-8183-A6B834431BDD}
	EndGlobalSection
EndGlobal
